
Microsoft Visual Studio Solution File, Format Version 12.00
# Visual Studio Version 16
VisualStudioVersion = 16.0.31729.503
MinimumVisualStudioVersion = 10.0.40219.1
Project("{2150E333-8FDC-42A3-9474-1A3956D46DE8}") = "Application", "Application", "{1A2DAC54-4E94-4F70-836C-DCF6C4816B34}"
EndProject
Project("{2150E333-8FDC-42A3-9474-1A3956D46DE8}") = "Domain", "Domain", "{A1E0AC11-D9F4-4E83-9030-E4622C1CD800}"
EndProject
Project("{2150E333-8FDC-42A3-9474-1A3956D46DE8}") = "Infrastructure", "Infrastructure", "{273F2049-25B5-418F-BDC8-C02EF167E137}"
EndProject
Project("{2150E333-8FDC-42A3-9474-1A3956D46DE8}") = "Shared", "Shared", "{3BABE58E-073B-4EF3-B12C-DAF88FCA708D}"
EndProject
Project("{2150E333-8FDC-42A3-9474-1A3956D46DE8}") = "Test", "Test", "{0EBBDE0F-DA4E-44DA-BF25-8A92BEE70F6F}"
EndProject
Project("{2150E333-8FDC-42A3-9474-1A3956D46DE8}") = "src", "src", "{3B9A4D7A-543A-4272-A555-B2CF8A1E2C73}"
EndProject
Project("{FAE04EC0-301F-11D3-BF4B-00C04F79EFBC}") = "Strider.Api", "src\Application\Strider.Api\Strider.Api.csproj", "{33D086CD-BE62-4DD0-8CF0-87A49877D55A}"
EndProject
Project("{FAE04EC0-301F-11D3-BF4B-00C04F79EFBC}") = "Strider.Infrastructure", "src\Infrastructure\Strider.Infrastructure\Strider.Infrastructure.csproj", "{751BD52A-45AA-4B72-B804-57C7ED2F8BD1}"
EndProject
Project("{FAE04EC0-301F-11D3-BF4B-00C04F79EFBC}") = "Strider.Domain", "src\Domain\Strider.Domain\Strider.Domain.csproj", "{A0F5F5BC-38E5-47E3-B863-AEB26A8EE225}"
EndProject
Project("{FAE04EC0-301F-11D3-BF4B-00C04F79EFBC}") = "Strider.Lib", "src\Shared\Strider.Lib\Strider.Lib.csproj", "{4E436170-3C97-4F0C-B42B-37DD9F35D859}"
EndProject
Project("{FAE04EC0-301F-11D3-BF4B-00C04F79EFBC}") = "Strider.Test", "src\Test\Strider.Test\Strider.Test.csproj", "{DE3B7863-E511-4210-9E6E-67BAAC93F1B6}"
EndProject
Global
	GlobalSection(SolutionConfigurationPlatforms) = preSolution
		Debug|Any CPU = Debug|Any CPU
		Release|Any CPU = Release|Any CPU
	EndGlobalSection
	GlobalSection(ProjectConfigurationPlatforms) = postSolution
		{33D086CD-BE62-4DD0-8CF0-87A49877D55A}.Debug|Any CPU.ActiveCfg = Debug|Any CPU
		{33D086CD-BE62-4DD0-8CF0-87A49877D55A}.Debug|Any CPU.Build.0 = Debug|Any CPU
		{33D086CD-BE62-4DD0-8CF0-87A49877D55A}.Release|Any CPU.ActiveCfg = Release|Any CPU
		{33D086CD-BE62-4DD0-8CF0-87A49877D55A}.Release|Any CPU.Build.0 = Release|Any CPU
		{751BD52A-45AA-4B72-B804-57C7ED2F8BD1}.Debug|Any CPU.ActiveCfg = Debug|Any CPU
		{751BD52A-45AA-4B72-B804-57C7ED2F8BD1}.Debug|Any CPU.Build.0 = Debug|Any CPU
		{751BD52A-45AA-4B72-B804-57C7ED2F8BD1}.Release|Any CPU.ActiveCfg = Release|Any CPU
		{751BD52A-45AA-4B72-B804-57C7ED2F8BD1}.Release|Any CPU.Build.0 = Release|Any CPU
		{A0F5F5BC-38E5-47E3-B863-AEB26A8EE225}.Debug|Any CPU.ActiveCfg = Debug|Any CPU
		{A0F5F5BC-38E5-47E3-B863-AEB26A8EE225}.Debug|Any CPU.Build.0 = Debug|Any CPU
		{A0F5F5BC-38E5-47E3-B863-AEB26A8EE225}.Release|Any CPU.ActiveCfg = Release|Any CPU
		{A0F5F5BC-38E5-47E3-B863-AEB26A8EE225}.Release|Any CPU.Build.0 = Release|Any CPU
		{4E436170-3C97-4F0C-B42B-37DD9F35D859}.Debug|Any CPU.ActiveCfg = Debug|Any CPU
		{4E436170-3C97-4F0C-B42B-37DD9F35D859}.Debug|Any CPU.Build.0 = Debug|Any CPU
		{4E436170-3C97-4F0C-B42B-37DD9F35D859}.Release|Any CPU.ActiveCfg = Release|Any CPU
		{4E436170-3C97-4F0C-B42B-37DD9F35D859}.Release|Any CPU.Build.0 = Release|Any CPU
		{DE3B7863-E511-4210-9E6E-67BAAC93F1B6}.Debug|Any CPU.ActiveCfg = Debug|Any CPU
		{DE3B7863-E511-4210-9E6E-67BAAC93F1B6}.Debug|Any CPU.Build.0 = Debug|Any CPU
		{DE3B7863-E511-4210-9E6E-67BAAC93F1B6}.Release|Any CPU.ActiveCfg = Release|Any CPU
		{DE3B7863-E511-4210-9E6E-67BAAC93F1B6}.Release|Any CPU.Build.0 = Release|Any CPU
	EndGlobalSection
	GlobalSection(SolutionProperties) = preSolution
		HideSolutionNode = FALSE
	EndGlobalSection
	GlobalSection(NestedProjects) = preSolution
		{1A2DAC54-4E94-4F70-836C-DCF6C4816B34} = {3B9A4D7A-543A-4272-A555-B2CF8A1E2C73}
		{A1E0AC11-D9F4-4E83-9030-E4622C1CD800} = {3B9A4D7A-543A-4272-A555-B2CF8A1E2C73}
		{273F2049-25B5-418F-BDC8-C02EF167E137} = {3B9A4D7A-543A-4272-A555-B2CF8A1E2C73}
		{3BABE58E-073B-4EF3-B12C-DAF88FCA708D} = {3B9A4D7A-543A-4272-A555-B2CF8A1E2C73}
		{0EBBDE0F-DA4E-44DA-BF25-8A92BEE70F6F} = {3B9A4D7A-543A-4272-A555-B2CF8A1E2C73}
		{33D086CD-BE62-4DD0-8CF0-87A49877D55A} = {1A2DAC54-4E94-4F70-836C-DCF6C4816B34}
		{751BD52A-45AA-4B72-B804-57C7ED2F8BD1} = {273F2049-25B5-418F-BDC8-C02EF167E137}
		{A0F5F5BC-38E5-47E3-B863-AEB26A8EE225} = {A1E0AC11-D9F4-4E83-9030-E4622C1CD800}
		{4E436170-3C97-4F0C-B42B-37DD9F35D859} = {3BABE58E-073B-4EF3-B12C-DAF88FCA708D}
		{DE3B7863-E511-4210-9E6E-67BAAC93F1B6} = {0EBBDE0F-DA4E-44DA-BF25-8A92BEE70F6F}
	EndGlobalSection
	GlobalSection(ExtensibilityGlobals) = postSolution
		SolutionGuid = {DB689FFD-5610-4D89-8A95-927C0A02D433}
	EndGlobalSection
EndGlobal
